
Microsoft Visual Studio Solution File, Format Version 12.00
# Visual Studio Version 16
VisualStudioVersion = 16.0.31025.194
MinimumVisualStudioVersion = 10.0.40219.1
Project("{9A19103F-16F7-4668-BE54-9A1E7A4F7556}") = "AgentManage", "AgentManage.csproj", "{B394BF68-04A9-4CEC-9595-7B86F357C87F}"
EndProject
Project("{FAE04EC0-301F-11D3-BF4B-00C04F79EFBC}") = "DataBase.EF", "..\DataBase.EF\DataBase.EF.csproj", "{A5062AF8-FF35-4C28-A40C-1E315D9A7A56}"
EndProject
Global
	GlobalSection(SolutionConfigurationPlatforms) = preSolution
		Debug|Any CPU = Debug|Any CPU
		Release|Any CPU = Release|Any CPU
	EndGlobalSection
	GlobalSection(ProjectConfigurationPlatforms) = postSolution
		{B394BF68-04A9-4CEC-9595-7B86F357C87F}.Debug|Any CPU.ActiveCfg = Debug|Any CPU
		{B394BF68-04A9-4CEC-9595-7B86F357C87F}.Debug|Any CPU.Build.0 = Debug|Any CPU
		{B394BF68-04A9-4CEC-9595-7B86F357C87F}.Release|Any CPU.ActiveCfg = Release|Any CPU
		{B394BF68-04A9-4CEC-9595-7B86F357C87F}.Release|Any CPU.Build.0 = Release|Any CPU
		{A5062AF8-FF35-4C28-A40C-1E315D9A7A56}.Debug|Any CPU.ActiveCfg = Debug|Any CPU
		{A5062AF8-FF35-4C28-A40C-1E315D9A7A56}.Debug|Any CPU.Build.0 = Debug|Any CPU
		{A5062AF8-FF35-4C28-A40C-1E315D9A7A56}.Release|Any CPU.ActiveCfg = Release|Any CPU
		{A5062AF8-FF35-4C28-A40C-1E315D9A7A56}.Release|Any CPU.Build.0 = Release|Any CPU
	EndGlobalSection
	GlobalSection(SolutionProperties) = preSolution
		HideSolutionNode = FALSE
	EndGlobalSection
	GlobalSection(ExtensibilityGlobals) = postSolution
		SolutionGuid = {40E601DB-938E-48D3-A800-F15F8B5C2B5B}
	EndGlobalSection
EndGlobal
